// !$*UTF8*$!
{
	archiveVersion = 1;
	classes = {
	};
	objectVersion = 55;
	objects = {

/* Begin PBXBuildFile section */
		E244E37028EF3FFF009DDBBC /* ScrumdingerApp.swift in Sources */ = {isa = PBXBuildFile; fileRef = E244E36F28EF3FFF009DDBBC /* ScrumdingerApp.swift */; };
		E244E37228EF3FFF009DDBBC /* MeetingView.swift in Sources */ = {isa = PBXBuildFile; fileRef = E244E37128EF3FFF009DDBBC /* MeetingView.swift */; };
		E244E37428EF4001009DDBBC /* Assets.xcassets in Resources */ = {isa = PBXBuildFile; fileRef = E244E37328EF4001009DDBBC /* Assets.xcassets */; };
		E244E37728EF4001009DDBBC /* Preview Assets.xcassets in Resources */ = {isa = PBXBuildFile; fileRef = E244E37628EF4001009DDBBC /* Preview Assets.xcassets */; };
		E244E37F28EF4D90009DDBBC /* Theme.swift in Sources */ = {isa = PBXBuildFile; fileRef = E244E37E28EF4D90009DDBBC /* Theme.swift */; };
		E244E38128EF4F17009DDBBC /* DailyScrum.swift in Sources */ = {isa = PBXBuildFile; fileRef = E244E38028EF4F17009DDBBC /* DailyScrum.swift */; };
		E244E38328EF501B009DDBBC /* CardView.swift in Sources */ = {isa = PBXBuildFile; fileRef = E244E38228EF501B009DDBBC /* CardView.swift */; };
		E244E38528EF6507009DDBBC /* TrailingIconLabelStyle.swift in Sources */ = {isa = PBXBuildFile; fileRef = E244E38428EF6507009DDBBC /* TrailingIconLabelStyle.swift */; };
		E244E38928EF6CED009DDBBC /* ScrumsView.swift in Sources */ = {isa = PBXBuildFile; fileRef = E244E38828EF6CED009DDBBC /* ScrumsView.swift */; };
		E244E38B28EF853C009DDBBC /* DetailView.swift in Sources */ = {isa = PBXBuildFile; fileRef = E244E38A28EF853C009DDBBC /* DetailView.swift */; };
		E244E38D28F09421009DDBBC /* DetailEditView.swift in Sources */ = {isa = PBXBuildFile; fileRef = E244E38C28F09421009DDBBC /* DetailEditView.swift */; };
		E244E38F28F0A465009DDBBC /* ThemeView.swift in Sources */ = {isa = PBXBuildFile; fileRef = E244E38E28F0A465009DDBBC /* ThemeView.swift */; };
		E244E39128F0A8FC009DDBBC /* ThemePicker.swift in Sources */ = {isa = PBXBuildFile; fileRef = E244E39028F0A8FC009DDBBC /* ThemePicker.swift */; };
		E26DF05028F488BA0074EE6A /* MeetingHeaderView.swift in Sources */ = {isa = PBXBuildFile; fileRef = E26DF04F28F488BA0074EE6A /* MeetingHeaderView.swift */; };
		E26DF05228F48E760074EE6A /* ScrumProgressViewStyle.swift in Sources */ = {isa = PBXBuildFile; fileRef = E26DF05128F48E760074EE6A /* ScrumProgressViewStyle.swift */; };
		E26DF05428F48F3D0074EE6A /* ScrumTimer.swift in Sources */ = {isa = PBXBuildFile; fileRef = E26DF05328F48F3D0074EE6A /* ScrumTimer.swift */; };
		E26DF05828F496440074EE6A /* MeetingFooterView.swift in Sources */ = {isa = PBXBuildFile; fileRef = E26DF05728F496440074EE6A /* MeetingFooterView.swift */; };
		E26DF05A28F499BC0074EE6A /* AVPlayer+Ding.swift in Sources */ = {isa = PBXBuildFile; fileRef = E26DF05928F499BC0074EE6A /* AVPlayer+Ding.swift */; };
		E2ECC94428F49C7600A2D1D5 /* ding.wav in Resources */ = {isa = PBXBuildFile; fileRef = E2ECC94328F49C7600A2D1D5 /* ding.wav */; };
		E2ECC94628F4A4D800A2D1D5 /* History.swift in Sources */ = {isa = PBXBuildFile; fileRef = E2ECC94528F4A4D800A2D1D5 /* History.swift */; };
		E2ECC94828F4BCE400A2D1D5 /* ScrumStore.swift in Sources */ = {isa = PBXBuildFile; fileRef = E2ECC94728F4BCE400A2D1D5 /* ScrumStore.swift */; };
		E2ECC94A28F5296400A2D1D5 /* ErrorWrapper.swift in Sources */ = {isa = PBXBuildFile; fileRef = E2ECC94928F5296400A2D1D5 /* ErrorWrapper.swift */; };
		E2ECC94C28F5315B00A2D1D5 /* ErrorView.swift in Sources */ = {isa = PBXBuildFile; fileRef = E2ECC94B28F5315B00A2D1D5 /* ErrorView.swift */; };
		E2ECC94E28F5B99C00A2D1D5 /* MeetingTimerView.swift in Sources */ = {isa = PBXBuildFile; fileRef = E2ECC94D28F5B99C00A2D1D5 /* MeetingTimerView.swift */; };
		E2ECC95028F5BD8B00A2D1D5 /* SpeakerArc.swift in Sources */ = {isa = PBXBuildFile; fileRef = E2ECC94F28F5BD8B00A2D1D5 /* SpeakerArc.swift */; };
		E2ECC95228F5CD4E00A2D1D5 /* SpeechRecognizer.swift in Sources */ = {isa = PBXBuildFile; fileRef = E2ECC95128F5CD4E00A2D1D5 /* SpeechRecognizer.swift */; };
		E2ECC95428F5E31F00A2D1D5 /* HistoryView.swift in Sources */ = {isa = PBXBuildFile; fileRef = E2ECC95328F5E31F00A2D1D5 /* HistoryView.swift */; };
/* End PBXBuildFile section */

/* Begin PBXFileReference section */
		E244E36C28EF3FFF009DDBBC /* Scrumdinger.app */ = {isa = PBXFileReference; explicitFileType = wrapper.application; includeInIndex = 0; path = Scrumdinger.app; sourceTree = BUILT_PRODUCTS_DIR; };
		E244E36F28EF3FFF009DDBBC /* ScrumdingerApp.swift */ = {isa = PBXFileReference; lastKnownFileType = sourcecode.swift; path = ScrumdingerApp.swift; sourceTree = "<group>"; };
		E244E37128EF3FFF009DDBBC /* MeetingView.swift */ = {isa = PBXFileReference; lastKnownFileType = sourcecode.swift; path = MeetingView.swift; sourceTree = "<group>"; };
		E244E37328EF4001009DDBBC /* Assets.xcassets */ = {isa = PBXFileReference; lastKnownFileType = folder.assetcatalog; path = Assets.xcassets; sourceTree = "<group>"; };
		E244E37628EF4001009DDBBC /* Preview Assets.xcassets */ = {isa = PBXFileReference; lastKnownFileType = folder.assetcatalog; path = "Preview Assets.xcassets"; sourceTree = "<group>"; };
		E244E37E28EF4D90009DDBBC /* Theme.swift */ = {isa = PBXFileReference; lastKnownFileType = sourcecode.swift; path = Theme.swift; sourceTree = "<group>"; };
		E244E38028EF4F17009DDBBC /* DailyScrum.swift */ = {isa = PBXFileReference; lastKnownFileType = sourcecode.swift; path = DailyScrum.swift; sourceTree = "<group>"; };
		E244E38228EF501B009DDBBC /* CardView.swift */ = {isa = PBXFileReference; lastKnownFileType = sourcecode.swift; path = CardView.swift; sourceTree = "<group>"; };
		E244E38428EF6507009DDBBC /* TrailingIconLabelStyle.swift */ = {isa = PBXFileReference; lastKnownFileType = sourcecode.swift; path = TrailingIconLabelStyle.swift; sourceTree = "<group>"; };
		E244E38828EF6CED009DDBBC /* ScrumsView.swift */ = {isa = PBXFileReference; lastKnownFileType = sourcecode.swift; path = ScrumsView.swift; sourceTree = "<group>"; };
		E244E38A28EF853C009DDBBC /* DetailView.swift */ = {isa = PBXFileReference; lastKnownFileType = sourcecode.swift; path = DetailView.swift; sourceTree = "<group>"; };
		E244E38C28F09421009DDBBC /* DetailEditView.swift */ = {isa = PBXFileReference; lastKnownFileType = sourcecode.swift; path = DetailEditView.swift; sourceTree = "<group>"; };
		E244E38E28F0A465009DDBBC /* ThemeView.swift */ = {isa = PBXFileReference; lastKnownFileType = sourcecode.swift; path = ThemeView.swift; sourceTree = "<group>"; };
		E244E39028F0A8FC009DDBBC /* ThemePicker.swift */ = {isa = PBXFileReference; lastKnownFileType = sourcecode.swift; path = ThemePicker.swift; sourceTree = "<group>"; };
		E26DF04F28F488BA0074EE6A /* MeetingHeaderView.swift */ = {isa = PBXFileReference; lastKnownFileType = sourcecode.swift; path = MeetingHeaderView.swift; sourceTree = "<group>"; };
		E26DF05128F48E760074EE6A /* ScrumProgressViewStyle.swift */ = {isa = PBXFileReference; lastKnownFileType = sourcecode.swift; path = ScrumProgressViewStyle.swift; sourceTree = "<group>"; };
		E26DF05328F48F3D0074EE6A /* ScrumTimer.swift */ = {isa = PBXFileReference; lastKnownFileType = sourcecode.swift; path = ScrumTimer.swift; sourceTree = "<group>"; };
		E26DF05728F496440074EE6A /* MeetingFooterView.swift */ = {isa = PBXFileReference; lastKnownFileType = sourcecode.swift; path = MeetingFooterView.swift; sourceTree = "<group>"; };
		E26DF05928F499BC0074EE6A /* AVPlayer+Ding.swift */ = {isa = PBXFileReference; lastKnownFileType = sourcecode.swift; path = "AVPlayer+Ding.swift"; sourceTree = "<group>"; };
		E2ECC94328F49C7600A2D1D5 /* ding.wav */ = {isa = PBXFileReference; lastKnownFileType = audio.wav; name = ding.wav; path = ../../../../../../../Downloads/ManagingStateAndLifeCycle/StartingProject/Scrumdinger/Resources/ding.wav; sourceTree = "<group>"; };
		E2ECC94528F4A4D800A2D1D5 /* History.swift */ = {isa = PBXFileReference; lastKnownFileType = sourcecode.swift; path = History.swift; sourceTree = "<group>"; };
		E2ECC94728F4BCE400A2D1D5 /* ScrumStore.swift */ = {isa = PBXFileReference; lastKnownFileType = sourcecode.swift; path = ScrumStore.swift; sourceTree = "<group>"; };
		E2ECC94928F5296400A2D1D5 /* ErrorWrapper.swift */ = {isa = PBXFileReference; lastKnownFileType = sourcecode.swift; path = ErrorWrapper.swift; sourceTree = "<group>"; };
		E2ECC94B28F5315B00A2D1D5 /* ErrorView.swift */ = {isa = PBXFileReference; lastKnownFileType = sourcecode.swift; path = ErrorView.swift; sourceTree = "<group>"; };
		E2ECC94D28F5B99C00A2D1D5 /* MeetingTimerView.swift */ = {isa = PBXFileReference; lastKnownFileType = sourcecode.swift; path = MeetingTimerView.swift; sourceTree = "<group>"; };
		E2ECC94F28F5BD8B00A2D1D5 /* SpeakerArc.swift */ = {isa = PBXFileReference; lastKnownFileType = sourcecode.swift; path = SpeakerArc.swift; sourceTree = "<group>"; };
		E2ECC95128F5CD4E00A2D1D5 /* SpeechRecognizer.swift */ = {isa = PBXFileReference; lastKnownFileType = sourcecode.swift; path = SpeechRecognizer.swift; sourceTree = "<group>"; };
		E2ECC95328F5E31F00A2D1D5 /* HistoryView.swift */ = {isa = PBXFileReference; lastKnownFileType = sourcecode.swift; path = HistoryView.swift; sourceTree = "<group>"; };
/* End PBXFileReference section */

/* Begin PBXFrameworksBuildPhase section */
		E244E36928EF3FFF009DDBBC /* Frameworks */ = {
			isa = PBXFrameworksBuildPhase;
			buildActionMask = 2147483647;
			files = (
			);
			runOnlyForDeploymentPostprocessing = 0;
		};
/* End PBXFrameworksBuildPhase section */

/* Begin PBXGroup section */
		E244E36328EF3FFF009DDBBC = {
			isa = PBXGroup;
			children = (
				E244E36E28EF3FFF009DDBBC /* Scrumdinger */,
				E244E36D28EF3FFF009DDBBC /* Products */,
			);
			sourceTree = "<group>";
		};
		E244E36D28EF3FFF009DDBBC /* Products */ = {
			isa = PBXGroup;
			children = (
				E244E36C28EF3FFF009DDBBC /* Scrumdinger.app */,
			);
			name = Products;
			sourceTree = "<group>";
		};
		E244E36E28EF3FFF009DDBBC /* Scrumdinger */ = {
			isa = PBXGroup;
			children = (
				E2ECC94228F49C3900A2D1D5 /* Resources */,
				E244E37D28EF4D38009DDBBC /* Models */,
				E244E36F28EF3FFF009DDBBC /* ScrumdingerApp.swift */,
				E244E38228EF501B009DDBBC /* CardView.swift */,
				E244E38A28EF853C009DDBBC /* DetailView.swift */,
				E244E37128EF3FFF009DDBBC /* MeetingView.swift */,
				E244E38828EF6CED009DDBBC /* ScrumsView.swift */,
				E26DF04F28F488BA0074EE6A /* MeetingHeaderView.swift */,
				E244E38428EF6507009DDBBC /* TrailingIconLabelStyle.swift */,
				E244E38C28F09421009DDBBC /* DetailEditView.swift */,
				E244E38E28F0A465009DDBBC /* ThemeView.swift */,
				E244E39028F0A8FC009DDBBC /* ThemePicker.swift */,
				E26DF05128F48E760074EE6A /* ScrumProgressViewStyle.swift */,
				E26DF05728F496440074EE6A /* MeetingFooterView.swift */,
				E2ECC94B28F5315B00A2D1D5 /* ErrorView.swift */,
				E2ECC94D28F5B99C00A2D1D5 /* MeetingTimerView.swift */,
				E2ECC94F28F5BD8B00A2D1D5 /* SpeakerArc.swift */,
				E244E37528EF4001009DDBBC /* Preview Content */,
				E244E37328EF4001009DDBBC /* Assets.xcassets */,
				E2ECC95328F5E31F00A2D1D5 /* HistoryView.swift */,
			);
			path = Scrumdinger;
			sourceTree = "<group>";
		};
		E244E37528EF4001009DDBBC /* Preview Content */ = {
			isa = PBXGroup;
			children = (
				E244E37628EF4001009DDBBC /* Preview Assets.xcassets */,
			);
			path = "Preview Content";
			sourceTree = "<group>";
		};
		E244E37D28EF4D38009DDBBC /* Models */ = {
			isa = PBXGroup;
			children = (
				E244E38028EF4F17009DDBBC /* DailyScrum.swift */,
				E244E37E28EF4D90009DDBBC /* Theme.swift */,
				E26DF05328F48F3D0074EE6A /* ScrumTimer.swift */,
				E26DF05928F499BC0074EE6A /* AVPlayer+Ding.swift */,
				E2ECC94528F4A4D800A2D1D5 /* History.swift */,
				E2ECC94728F4BCE400A2D1D5 /* ScrumStore.swift */,
				E2ECC94928F5296400A2D1D5 /* ErrorWrapper.swift */,
				E2ECC95128F5CD4E00A2D1D5 /* SpeechRecognizer.swift */,
			);
			path = Models;
			sourceTree = "<group>";
		};
		E2ECC94228F49C3900A2D1D5 /* Resources */ = {
			isa = PBXGroup;
			children = (
				E2ECC94328F49C7600A2D1D5 /* ding.wav */,
			);
			path = Resources;
			sourceTree = "<group>";
		};
/* End PBXGroup section */

/* Begin PBXNativeTarget section */
		E244E36B28EF3FFF009DDBBC /* Scrumdinger */ = {
			isa = PBXNativeTarget;
			buildConfigurationList = E244E37A28EF4001009DDBBC /* Build configuration list for PBXNativeTarget "Scrumdinger" */;
			buildPhases = (
				E244E36828EF3FFF009DDBBC /* Sources */,
				E244E36928EF3FFF009DDBBC /* Frameworks */,
				E244E36A28EF3FFF009DDBBC /* Resources */,
			);
			buildRules = (
			);
			dependencies = (
			);
			name = Scrumdinger;
			productName = Scrumdinger;
			productReference = E244E36C28EF3FFF009DDBBC /* Scrumdinger.app */;
			productType = "com.apple.product-type.application";
		};
/* End PBXNativeTarget section */

/* Begin PBXProject section */
		E244E36428EF3FFF009DDBBC /* Project object */ = {
			isa = PBXProject;
			attributes = {
				BuildIndependentTargetsInParallel = 1;
				LastSwiftUpdateCheck = 1330;
				LastUpgradeCheck = 1330;
				TargetAttributes = {
					E244E36B28EF3FFF009DDBBC = {
						CreatedOnToolsVersion = 13.3.1;
					};
				};
			};
			buildConfigurationList = E244E36728EF3FFF009DDBBC /* Build configuration list for PBXProject "Scrumdinger" */;
			compatibilityVersion = "Xcode 13.0";
			developmentRegion = en;
			hasScannedForEncodings = 0;
			knownRegions = (
				en,
				Base,
			);
			mainGroup = E244E36328EF3FFF009DDBBC;
			productRefGroup = E244E36D28EF3FFF009DDBBC /* Products */;
			projectDirPath = "";
			projectRoot = "";
			targets = (
				E244E36B28EF3FFF009DDBBC /* Scrumdinger */,
			);
		};
/* End PBXProject section */

/* Begin PBXResourcesBuildPhase section */
		E244E36A28EF3FFF009DDBBC /* Resources */ = {
			isa = PBXResourcesBuildPhase;
			buildActionMask = 2147483647;
			files = (
				E2ECC94428F49C7600A2D1D5 /* ding.wav in Resources */,
				E244E37728EF4001009DDBBC /* Preview Assets.xcassets in Resources */,
				E244E37428EF4001009DDBBC /* Assets.xcassets in Resources */,
			);
			runOnlyForDeploymentPostprocessing = 0;
		};
/* End PBXResourcesBuildPhase section */

/* Begin PBXSourcesBuildPhase section */
		E244E36828EF3FFF009DDBBC /* Sources */ = {
			isa = PBXSourcesBuildPhase;
			buildActionMask = 2147483647;
			files = (
				E2ECC94628F4A4D800A2D1D5 /* History.swift in Sources */,
				E2ECC95428F5E31F00A2D1D5 /* HistoryView.swift in Sources */,
				E244E39128F0A8FC009DDBBC /* ThemePicker.swift in Sources */,
				E26DF05228F48E760074EE6A /* ScrumProgressViewStyle.swift in Sources */,
				E26DF05828F496440074EE6A /* MeetingFooterView.swift in Sources */,
				E2ECC94828F4BCE400A2D1D5 /* ScrumStore.swift in Sources */,
				E26DF05428F48F3D0074EE6A /* ScrumTimer.swift in Sources */,
				E244E38128EF4F17009DDBBC /* DailyScrum.swift in Sources */,
				E244E38B28EF853C009DDBBC /* DetailView.swift in Sources */,
				E26DF05028F488BA0074EE6A /* MeetingHeaderView.swift in Sources */,
				E2ECC94E28F5B99C00A2D1D5 /* MeetingTimerView.swift in Sources */,
				E244E38D28F09421009DDBBC /* DetailEditView.swift in Sources */,
				E2ECC94A28F5296400A2D1D5 /* ErrorWrapper.swift in Sources */,
				E244E38528EF6507009DDBBC /* TrailingIconLabelStyle.swift in Sources */,
				E244E37F28EF4D90009DDBBC /* Theme.swift in Sources */,
				E244E38928EF6CED009DDBBC /* ScrumsView.swift in Sources */,
				E244E37228EF3FFF009DDBBC /* MeetingView.swift in Sources */,
				E2ECC95228F5CD4E00A2D1D5 /* SpeechRecognizer.swift in Sources */,
				E2ECC94C28F5315B00A2D1D5 /* ErrorView.swift in Sources */,
				E244E37028EF3FFF009DDBBC /* ScrumdingerApp.swift in Sources */,
				E244E38F28F0A465009DDBBC /* ThemeView.swift in Sources */,
				E244E38328EF501B009DDBBC /* CardView.swift in Sources */,
				E2ECC95028F5BD8B00A2D1D5 /* SpeakerArc.swift in Sources */,
				E26DF05A28F499BC0074EE6A /* AVPlayer+Ding.swift in Sources */,
			);
			runOnlyForDeploymentPostprocessing = 0;
		};
/* End PBXSourcesBuildPhase section */

/* Begin XCBuildConfiguration section */
		E244E37828EF4001009DDBBC /* Debug */ = {
			isa = XCBuildConfiguration;
			buildSettings = {
				ALWAYS_SEARCH_USER_PATHS = NO;
				CLANG_ANALYZER_NONNULL = YES;
				CLANG_ANALYZER_NUMBER_OBJECT_CONVERSION = YES_AGGRESSIVE;
				CLANG_CXX_LANGUAGE_STANDARD = "gnu++17";
				CLANG_ENABLE_MODULES = YES;
				CLANG_ENABLE_OBJC_ARC = YES;
				CLANG_ENABLE_OBJC_WEAK = YES;
				CLANG_WARN_BLOCK_CAPTURE_AUTORELEASING = YES;
				CLANG_WARN_BOOL_CONVERSION = YES;
				CLANG_WARN_COMMA = YES;
				CLANG_WARN_CONSTANT_CONVERSION = YES;
				CLANG_WARN_DEPRECATED_OBJC_IMPLEMENTATIONS = YES;
				CLANG_WARN_DIRECT_OBJC_ISA_USAGE = YES_ERROR;
				CLANG_WARN_DOCUMENTATION_COMMENTS = YES;
				CLANG_WARN_EMPTY_BODY = YES;
				CLANG_WARN_ENUM_CONVERSION = YES;
				CLANG_WARN_INFINITE_RECURSION = YES;
				CLANG_WARN_INT_CONVERSION = YES;
				CLANG_WARN_NON_LITERAL_NULL_CONVERSION = YES;
				CLANG_WARN_OBJC_IMPLICIT_RETAIN_SELF = YES;
				CLANG_WARN_OBJC_LITERAL_CONVERSION = YES;
				CLANG_WARN_OBJC_ROOT_CLASS = YES_ERROR;
				CLANG_WARN_QUOTED_INCLUDE_IN_FRAMEWORK_HEADER = YES;
				CLANG_WARN_RANGE_LOOP_ANALYSIS = YES;
				CLANG_WARN_STRICT_PROTOTYPES = YES;
				CLANG_WARN_SUSPICIOUS_MOVE = YES;
				CLANG_WARN_UNGUARDED_AVAILABILITY = YES_AGGRESSIVE;
				CLANG_WARN_UNREACHABLE_CODE = YES;
				CLANG_WARN__DUPLICATE_METHOD_MATCH = YES;
				COPY_PHASE_STRIP = NO;
				DEBUG_INFORMATION_FORMAT = dwarf;
				ENABLE_STRICT_OBJC_MSGSEND = YES;
				ENABLE_TESTABILITY = YES;
				GCC_C_LANGUAGE_STANDARD = gnu11;
				GCC_DYNAMIC_NO_PIC = NO;
				GCC_NO_COMMON_BLOCKS = YES;
				GCC_OPTIMIZATION_LEVEL = 0;
				GCC_PREPROCESSOR_DEFINITIONS = (
					"DEBUG=1",
					"$(inherited)",
				);
				GCC_WARN_64_TO_32_BIT_CONVERSION = YES;
				GCC_WARN_ABOUT_RETURN_TYPE = YES_ERROR;
				GCC_WARN_UNDECLARED_SELECTOR = YES;
				GCC_WARN_UNINITIALIZED_AUTOS = YES_AGGRESSIVE;
				GCC_WARN_UNUSED_FUNCTION = YES;
				GCC_WARN_UNUSED_VARIABLE = YES;
				IPHONEOS_DEPLOYMENT_TARGET = 15.4;
				MTL_ENABLE_DEBUG_INFO = INCLUDE_SOURCE;
				MTL_FAST_MATH = YES;
				ONLY_ACTIVE_ARCH = YES;
				SDKROOT = iphoneos;
				SWIFT_ACTIVE_COMPILATION_CONDITIONS = DEBUG;
				SWIFT_OPTIMIZATION_LEVEL = "-Onone";
			};
			name = Debug;
		};
		E244E37928EF4001009DDBBC /* Release */ = {
			isa = XCBuildConfiguration;
			buildSettings = {
				ALWAYS_SEARCH_USER_PATHS = NO;
				CLANG_ANALYZER_NONNULL = YES;
				CLANG_ANALYZER_NUMBER_OBJECT_CONVERSION = YES_AGGRESSIVE;
				CLANG_CXX_LANGUAGE_STANDARD = "gnu++17";
				CLANG_ENABLE_MODULES = YES;
				CLANG_ENABLE_OBJC_ARC = YES;
				CLANG_ENABLE_OBJC_WEAK = YES;
				CLANG_WARN_BLOCK_CAPTURE_AUTORELEASING = YES;
				CLANG_WARN_BOOL_CONVERSION = YES;
				CLANG_WARN_COMMA = YES;
				CLANG_WARN_CONSTANT_CONVERSION = YES;
				CLANG_WARN_DEPRECATED_OBJC_IMPLEMENTATIONS = YES;
				CLANG_WARN_DIRECT_OBJC_ISA_USAGE = YES_ERROR;
				CLANG_WARN_DOCUMENTATION_COMMENTS = YES;
				CLANG_WARN_EMPTY_BODY = YES;
				CLANG_WARN_ENUM_CONVERSION = YES;
				CLANG_WARN_INFINITE_RECURSION = YES;
				CLANG_WARN_INT_CONVERSION = YES;
				CLANG_WARN_NON_LITERAL_NULL_CONVERSION = YES;
				CLANG_WARN_OBJC_IMPLICIT_RETAIN_SELF = YES;
				CLANG_WARN_OBJC_LITERAL_CONVERSION = YES;
				CLANG_WARN_OBJC_ROOT_CLASS = YES_ERROR;
				CLANG_WARN_QUOTED_INCLUDE_IN_FRAMEWORK_HEADER = YES;
				CLANG_WARN_RANGE_LOOP_ANALYSIS = YES;
				CLANG_WARN_STRICT_PROTOTYPES = YES;
				CLANG_WARN_SUSPICIOUS_MOVE = YES;
				CLANG_WARN_UNGUARDED_AVAILABILITY = YES_AGGRESSIVE;
				CLANG_WARN_UNREACHABLE_CODE = YES;
				CLANG_WARN__DUPLICATE_METHOD_MATCH = YES;
				COPY_PHASE_STRIP = NO;
				DEBUG_INFORMATION_FORMAT = "dwarf-with-dsym";
				ENABLE_NS_ASSERTIONS = NO;
				ENABLE_STRICT_OBJC_MSGSEND = YES;
				GCC_C_LANGUAGE_STANDARD = gnu11;
				GCC_NO_COMMON_BLOCKS = YES;
				GCC_WARN_64_TO_32_BIT_CONVERSION = YES;
				GCC_WARN_ABOUT_RETURN_TYPE = YES_ERROR;
				GCC_WARN_UNDECLARED_SELECTOR = YES;
				GCC_WARN_UNINITIALIZED_AUTOS = YES_AGGRESSIVE;
				GCC_WARN_UNUSED_FUNCTION = YES;
				GCC_WARN_UNUSED_VARIABLE = YES;
				IPHONEOS_DEPLOYMENT_TARGET = 15.4;
				MTL_ENABLE_DEBUG_INFO = NO;
				MTL_FAST_MATH = YES;
				SDKROOT = iphoneos;
				SWIFT_COMPILATION_MODE = wholemodule;
				SWIFT_OPTIMIZATION_LEVEL = "-O";
				VALIDATE_PRODUCT = YES;
			};
			name = Release;
		};
		E244E37B28EF4001009DDBBC /* Debug */ = {
			isa = XCBuildConfiguration;
			buildSettings = {
				ASSETCATALOG_COMPILER_APPICON_NAME = AppIcon;
				ASSETCATALOG_COMPILER_GLOBAL_ACCENT_COLOR_NAME = AccentColor;
				CODE_SIGN_STYLE = Automatic;
				CURRENT_PROJECT_VERSION = 1;
				DEVELOPMENT_ASSET_PATHS = "\"Scrumdinger/Preview Content\"";
				ENABLE_PREVIEWS = YES;
				GENERATE_INFOPLIST_FILE = YES;
				INFOPLIST_KEY_NSMicrophoneUsageDescription = "Audio is recorded to transcribe the meeting. Audio recordings are discarded after transcription.";
				INFOPLIST_KEY_NSSpeechRecognitionUsageDescription = "You can view a text transcription of your meeting in the app.";
				INFOPLIST_KEY_UIApplicationSceneManifest_Generation = YES;
				INFOPLIST_KEY_UIApplicationSupportsIndirectInputEvents = YES;
				INFOPLIST_KEY_UILaunchScreen_Generation = YES;
				INFOPLIST_KEY_UISupportedInterfaceOrientations_iPad = "UIInterfaceOrientationPortrait UIInterfaceOrientationPortraitUpsideDown UIInterfaceOrientationLandscapeLeft UIInterfaceOrientationLandscapeRight";
				INFOPLIST_KEY_UISupportedInterfaceOrientations_iPhone = "UIInterfaceOrientationPortrait UIInterfaceOrientationLandscapeLeft UIInterfaceOrientationLandscapeRight";
				LD_RUNPATH_SEARCH_PATHS = (
					"$(inherited)",
					"@executable_path/Frameworks",
				);
				MARKETING_VERSION = 1.0;
				PRODUCT_BUNDLE_IDENTIFIER = com.lehi.Scrumdinger;
				PRODUCT_NAME = "$(TARGET_NAME)";
				SWIFT_EMIT_LOC_STRINGS = YES;
				SWIFT_VERSION = 5.0;
				TARGETED_DEVICE_FAMILY = "1,2";
			};
			name = Debug;
		};
		E244E37C28EF4001009DDBBC /* Release */ = {
			isa = XCBuildConfiguration;
			buildSettings = {
				ASSETCATALOG_COMPILER_APPICON_NAME = AppIcon;
				ASSETCATALOG_COMPILER_GLOBAL_ACCENT_COLOR_NAME = AccentColor;
				CODE_SIGN_STYLE = Automatic;
				CURRENT_PROJECT_VERSION = 1;
				DEVELOPMENT_ASSET_PATHS = "\"Scrumdinger/Preview Content\"";
				ENABLE_PREVIEWS = YES;
				GENERATE_INFOPLIST_FILE = YES;
				INFOPLIST_KEY_NSMicrophoneUsageDescription = "Audio is recorded to transcribe the meeting. Audio recordings are discarded after transcription.";
				INFOPLIST_KEY_NSSpeechRecognitionUsageDescription = "You can view a text transcription of your meeting in the app.";
				INFOPLIST_KEY_UIApplicationSceneManifest_Generation = YES;
				INFOPLIST_KEY_UIApplicationSupportsIndirectInputEvents = YES;
				INFOPLIST_KEY_UILaunchScreen_Generation = YES;
				INFOPLIST_KEY_UISupportedInterfaceOrientations_iPad = "UIInterfaceOrientationPortrait UIInterfaceOrientationPortraitUpsideDown UIInterfaceOrientationLandscapeLeft UIInterfaceOrientationLandscapeRight";
				INFOPLIST_KEY_UISupportedInterfaceOrientations_iPhone = "UIInterfaceOrientationPortrait UIInterfaceOrientationLandscapeLeft UIInterfaceOrientationLandscapeRight";
				LD_RUNPATH_SEARCH_PATHS = (
					"$(inherited)",
					"@executable_path/Frameworks",
				);
				MARKETING_VERSION = 1.0;
				PRODUCT_BUNDLE_IDENTIFIER = com.lehi.Scrumdinger;
				PRODUCT_NAME = "$(TARGET_NAME)";
				SWIFT_EMIT_LOC_STRINGS = YES;
				SWIFT_VERSION = 5.0;
				TARGETED_DEVICE_FAMILY = "1,2";
			};
			name = Release;
		};
/* End XCBuildConfiguration section */

/* Begin XCConfigurationList section */
		E244E36728EF3FFF009DDBBC /* Build configuration list for PBXProject "Scrumdinger" */ = {
			isa = XCConfigurationList;
			buildConfigurations = (
				E244E37828EF4001009DDBBC /* Debug */,
				E244E37928EF4001009DDBBC /* Release */,
			);
			defaultConfigurationIsVisible = 0;
			defaultConfigurationName = Release;
		};
		E244E37A28EF4001009DDBBC /* Build configuration list for PBXNativeTarget "Scrumdinger" */ = {
			isa = XCConfigurationList;
			buildConfigurations = (
				E244E37B28EF4001009DDBBC /* Debug */,
				E244E37C28EF4001009DDBBC /* Release */,
			);
			defaultConfigurationIsVisible = 0;
			defaultConfigurationName = Release;
		};
/* End XCConfigurationList section */
	};
	rootObject = E244E36428EF3FFF009DDBBC /* Project object */;
}
